
Microsoft Visual Studio Solution File, Format Version 12.00
# Visual Studio Express 2012 for Windows Desktop
Project("{FAE04EC0-301F-11D3-BF4B-00C04F79EFBC}") = "WeaverOfLife", "WeaverOfLife.csproj", "{59511CEF-1608-4D4B-8BD6-A8AC6D9F294C}"
EndProject
Global
	GlobalSection(SolutionConfigurationPlatforms) = preSolution
		Debug|Any CPU = Debug|Any CPU
		Release|Any CPU = Release|Any CPU
	EndGlobalSection
	GlobalSection(ProjectConfigurationPlatforms) = postSolution
		{59511CEF-1608-4D4B-8BD6-A8AC6D9F294C}.Debug|Any CPU.ActiveCfg = Debug|Any CPU
		{59511CEF-1608-4D4B-8BD6-A8AC6D9F294C}.Debug|Any CPU.Build.0 = Debug|Any CPU
		{59511CEF-1608-4D4B-8BD6-A8AC6D9F294C}.Release|Any CPU.ActiveCfg = Release|Any CPU
		{59511CEF-1608-4D4B-8BD6-A8AC6D9F294C}.Release|Any CPU.Build.0 = Release|Any CPU
	EndGlobalSection
	GlobalSection(SolutionProperties) = preSolution
		HideSolutionNode = FALSE
	EndGlobalSection
EndGlobal
